
Microsoft Visual Studio Solution File, Format Version 12.00
# Visual Studio 15
VisualStudioVersion = 15.0.28010.2026
MinimumVisualStudioVersion = 10.0.40219.1
Project("{FAE04EC0-301F-11D3-BF4B-00C04F79EFBC}") = "超市收银系统之商品类", "超市收银系统之商品类\超市收银系统之商品类.csproj", "{5CAD40B0-46F4-41FE-99E3-8216D687E7C8}"
EndProject
Global
	GlobalSection(SolutionConfigurationPlatforms) = preSolution
		Debug|Any CPU = Debug|Any CPU
		Release|Any CPU = Release|Any CPU
	EndGlobalSection
	GlobalSection(ProjectConfigurationPlatforms) = postSolution
		{5CAD40B0-46F4-41FE-99E3-8216D687E7C8}.Debug|Any CPU.ActiveCfg = Debug|Any CPU
		{5CAD40B0-46F4-41FE-99E3-8216D687E7C8}.Debug|Any CPU.Build.0 = Debug|Any CPU
		{5CAD40B0-46F4-41FE-99E3-8216D687E7C8}.Release|Any CPU.ActiveCfg = Release|Any CPU
		{5CAD40B0-46F4-41FE-99E3-8216D687E7C8}.Release|Any CPU.Build.0 = Release|Any CPU
	EndGlobalSection
	GlobalSection(SolutionProperties) = preSolution
		HideSolutionNode = FALSE
	EndGlobalSection
	GlobalSection(ExtensibilityGlobals) = postSolution
		SolutionGuid = {5F77155E-3534-442B-B64E-4EFBE7DC21BC}
	EndGlobalSection
EndGlobal
